
Microsoft Visual Studio Solution File, Format Version 12.00
# Visual Studio Express 2013 for Windows Desktop
VisualStudioVersion = 12.0.21005.1
MinimumVisualStudioVersion = 10.0.40219.1
Project("{FAE04EC0-301F-11D3-BF4B-00C04F79EFBC}") = "DogCare", "DogCare\DogCare.csproj", "{84DDADD2-6E42-40F0-B013-235F367041D4}"
EndProject
Project("{FAE04EC0-301F-11D3-BF4B-00C04F79EFBC}") = "DataStore", "DataStore\DataStore.csproj", "{A9692C57-0B96-4B94-83A3-E2DB1E1CD103}"
EndProject
Project("{FAE04EC0-301F-11D3-BF4B-00C04F79EFBC}") = "DataStoreTest", "DataStoreTest\DataStoreTest.csproj", "{99DAA4EF-421F-434F-A269-91725F73A75D}"
EndProject
Global
	GlobalSection(SolutionConfigurationPlatforms) = preSolution
		Debug|Any CPU = Debug|Any CPU
		Release|Any CPU = Release|Any CPU
	EndGlobalSection
	GlobalSection(ProjectConfigurationPlatforms) = postSolution
		{84DDADD2-6E42-40F0-B013-235F367041D4}.Debug|Any CPU.ActiveCfg = Debug|Any CPU
		{84DDADD2-6E42-40F0-B013-235F367041D4}.Debug|Any CPU.Build.0 = Debug|Any CPU
		{84DDADD2-6E42-40F0-B013-235F367041D4}.Release|Any CPU.ActiveCfg = Release|Any CPU
		{84DDADD2-6E42-40F0-B013-235F367041D4}.Release|Any CPU.Build.0 = Release|Any CPU
		{A9692C57-0B96-4B94-83A3-E2DB1E1CD103}.Debug|Any CPU.ActiveCfg = Debug|Any CPU
		{A9692C57-0B96-4B94-83A3-E2DB1E1CD103}.Debug|Any CPU.Build.0 = Debug|Any CPU
		{A9692C57-0B96-4B94-83A3-E2DB1E1CD103}.Release|Any CPU.ActiveCfg = Release|Any CPU
		{A9692C57-0B96-4B94-83A3-E2DB1E1CD103}.Release|Any CPU.Build.0 = Release|Any CPU
		{99DAA4EF-421F-434F-A269-91725F73A75D}.Debug|Any CPU.ActiveCfg = Debug|Any CPU
		{99DAA4EF-421F-434F-A269-91725F73A75D}.Debug|Any CPU.Build.0 = Debug|Any CPU
		{99DAA4EF-421F-434F-A269-91725F73A75D}.Release|Any CPU.ActiveCfg = Release|Any CPU
		{99DAA4EF-421F-434F-A269-91725F73A75D}.Release|Any CPU.Build.0 = Release|Any CPU
	EndGlobalSection
	GlobalSection(SolutionProperties) = preSolution
		HideSolutionNode = FALSE
	EndGlobalSection
EndGlobal
