
Microsoft Visual Studio Solution File, Format Version 12.00
# Visual Studio Version 16
VisualStudioVersion = 16.0.28729.10
MinimumVisualStudioVersion = 10.0.40219.1
Project("{FAE04EC0-301F-11D3-BF4B-00C04F79EFBC}") = "Week2Practicals", "Week2Practicals.csproj", "{480945AA-0805-4350-AF00-D1F443084A73}"
EndProject
Global
	GlobalSection(SolutionConfigurationPlatforms) = preSolution
		Debug|Any CPU = Debug|Any CPU
		Release|Any CPU = Release|Any CPU
	EndGlobalSection
	GlobalSection(ProjectConfigurationPlatforms) = postSolution
		{480945AA-0805-4350-AF00-D1F443084A73}.Debug|Any CPU.ActiveCfg = Debug|Any CPU
		{480945AA-0805-4350-AF00-D1F443084A73}.Debug|Any CPU.Build.0 = Debug|Any CPU
		{480945AA-0805-4350-AF00-D1F443084A73}.Release|Any CPU.ActiveCfg = Release|Any CPU
		{480945AA-0805-4350-AF00-D1F443084A73}.Release|Any CPU.Build.0 = Release|Any CPU
	EndGlobalSection
	GlobalSection(SolutionProperties) = preSolution
		HideSolutionNode = FALSE
	EndGlobalSection
	GlobalSection(ExtensibilityGlobals) = postSolution
		SolutionGuid = {8A829EDC-F271-4095-956C-05BC98A3BC2E}
	EndGlobalSection
EndGlobal
